# This file is automatically @generated by Cargo.
# It is not intended for manual editing.
version = 3

[[package]]
name = "counted-array"
version = "0.1.2"
source = "registry+https://github.com/rust-lang/crates.io-index"
checksum = "384f8c53175c890920b6e0127b730709d2a173ca6c4dfdc81618ac9b46f648fe"

[[package]]
name = "json"
version = "0.12.4"
source = "registry+https://github.com/rust-lang/crates.io-index"
checksum = "078e285eafdfb6c4b434e0d31e8cfcb5115b651496faca5749b88fafd4f23bfd"

[[package]]
name = "notred"
version = "0.1.0"
dependencies = [
 "counted-array",
 "json",
 "quick-error",
]

[[package]]
name = "quick-error"
version = "2.0.0"
source = "registry+https://github.com/rust-lang/crates.io-index"
checksum = "3ac73b1112776fc109b2e61909bc46c7e1bf0d7f690ffb1676553acce16d5cda"
